
Microsoft Visual Studio Solution File, Format Version 12.00
# Visual Studio 14
VisualStudioVersion = 14.0.25420.1
MinimumVisualStudioVersion = 10.0.40219.1
Project("{FAE04EC0-301F-11D3-BF4B-00C04F79EFBC}") = "SecondKeyboard", "SecondKeyboard\SecondKeyboard.csproj", "{F54ACF7D-FE82-4466-BBA9-011D8384440A}"
EndProject
Project("{FAE04EC0-301F-11D3-BF4B-00C04F79EFBC}") = "SecondKeyboard.App", "SecondKeyboard.App\SecondKeyboard.App.csproj", "{9FE328F5-25AC-4AE4-9107-C4CD6D48A758}"
EndProject
Global
	GlobalSection(SolutionConfigurationPlatforms) = preSolution
		Debug|Any CPU = Debug|Any CPU
		Release|Any CPU = Release|Any CPU
	EndGlobalSection
	GlobalSection(ProjectConfigurationPlatforms) = postSolution
		{F54ACF7D-FE82-4466-BBA9-011D8384440A}.Debug|Any CPU.ActiveCfg = Debug|Any CPU
		{F54ACF7D-FE82-4466-BBA9-011D8384440A}.Debug|Any CPU.Build.0 = Debug|Any CPU
		{F54ACF7D-FE82-4466-BBA9-011D8384440A}.Release|Any CPU.ActiveCfg = Release|Any CPU
		{F54ACF7D-FE82-4466-BBA9-011D8384440A}.Release|Any CPU.Build.0 = Release|Any CPU
		{9FE328F5-25AC-4AE4-9107-C4CD6D48A758}.Debug|Any CPU.ActiveCfg = Debug|Any CPU
		{9FE328F5-25AC-4AE4-9107-C4CD6D48A758}.Debug|Any CPU.Build.0 = Debug|Any CPU
		{9FE328F5-25AC-4AE4-9107-C4CD6D48A758}.Release|Any CPU.ActiveCfg = Release|Any CPU
		{9FE328F5-25AC-4AE4-9107-C4CD6D48A758}.Release|Any CPU.Build.0 = Release|Any CPU
	EndGlobalSection
	GlobalSection(SolutionProperties) = preSolution
		HideSolutionNode = FALSE
	EndGlobalSection
EndGlobal
